PATH
  remote: .
  specs:
    typosquatting (0.4.0)
      purl (~> 1.6)
      sbom (~> 0.2)

GEM
  remote: https://rubygems.org/
  specs:
    addressable (2.8.8)
      public_suffix (>= 2.0.2, < 8.0)
    bigdecimal (4.0.0)
    crack (1.0.1)
      bigdecimal
      rexml
    csv (3.3.5)
    date (3.5.1)
    erb (6.0.1)
    hana (1.3.7)
    hashdiff (1.2.1)
    io-console (0.8.2)
    irb (1.16.0)
      pp (>= 0.6.0)
      rdoc (>= 4.0.0)
      reline (>= 0.4.2)
    json_schemer (2.5.0)
      bigdecimal
      hana (~> 1.3)
      regexp_parser (~> 2.0)
      simpleidn (~> 0.2)
    minitest (5.27.0)
    openssl (3.3.2)
    pp (0.6.3)
      prettyprint
    prettyprint (0.2.0)
    psych (5.3.1)
      date
      stringio
    public_suffix (7.0.0)
    purl (1.6.0)
      addressable (~> 2.8)
    rake (13.3.1)
    rdoc (6.17.0)
      erb
      psych (>= 4.0.0)
      tsort
    regexp_parser (2.11.3)
    reline (0.6.3)
      io-console (~> 0.5)
    rexml (3.4.4)
    sbom (0.2.0)
      json_schemer (~> 2.0)
      purl (~> 1.6)
      rexml (~> 3.2)
    simpleidn (0.2.3)
    stringio (3.2.0)
    tsort (0.2.0)
    webmock (3.26.1)
      addressable (>= 2.8.0)
      crack (>= 0.3.2)
      hashdiff (>= 0.4.0, < 2.0.0)

PLATFORMS
  arm64-darwin-24
  ruby

DEPENDENCIES
  csv
  irb
  minitest (~> 5.16)
  openssl (~> 3.3.1)
  rake (~> 13.0)
  typosquatting!
  webmock (~> 3.0)

CHECKSUMS
  addressable (2.8.8) sha256=7c13b8f9536cf6364c03b9d417c19986019e28f7c00ac8132da4eb0fe393b057
  bigdecimal (4.0.0) sha256=ec797dffef5566eeccf9f1a39df8fc78ef9c39158dc85b2036d5f11c7e0d3b86
  crack (1.0.1) sha256=ff4a10390cd31d66440b7524eb1841874db86201d5b70032028553130b6d4c7e
  csv (3.3.5) sha256=6e5134ac3383ef728b7f02725d9872934f523cb40b961479f69cf3afa6c8e73f
  date (3.5.1) sha256=750d06384d7b9c15d562c76291407d89e368dda4d4fff957eb94962d325a0dc0
  erb (6.0.1) sha256=28ecdd99c5472aebd5674d6061e3c6b0a45c049578b071e5a52c2a7f13c197e5
  hana (1.3.7) sha256=5425db42d651fea08859811c29d20446f16af196308162894db208cac5ce9b0d
  hashdiff (1.2.1) sha256=9c079dbc513dfc8833ab59c0c2d8f230fa28499cc5efb4b8dd276cf931457cd1
  io-console (0.8.2) sha256=d6e3ae7a7cc7574f4b8893b4fca2162e57a825b223a177b7afa236c5ef9814cc
  irb (1.16.0) sha256=2abe56c9ac947cdcb2f150572904ba798c1e93c890c256f8429981a7675b0806
  json_schemer (2.5.0) sha256=2f01fb4cce721a4e08dd068fc2030cffd0702a7f333f1ea2be6e8991f00ae396
  minitest (5.27.0) sha256=2d3b17f8a36fe7801c1adcffdbc38233b938eb0b4966e97a6739055a45fa77d5
  openssl (3.3.2) sha256=7f4e01215dc9c4be1fca71d692406be3e6340b39c1f71a47fea9c497decd0f6c
  pp (0.6.3) sha256=2951d514450b93ccfeb1df7d021cae0da16e0a7f95ee1e2273719669d0ab9df6
  prettyprint (0.2.0) sha256=2bc9e15581a94742064a3cc8b0fb9d45aae3d03a1baa6ef80922627a0766f193
  psych (5.3.1) sha256=eb7a57cef10c9d70173ff74e739d843ac3b2c019a003de48447b2963d81b1974
  public_suffix (7.0.0) sha256=f7090b5beb0e56f9f10d79eed4d5fbe551b3b425da65877e075dad47a6a1b095
  purl (1.6.0) sha256=5336cbe3e248e40e6ff1a2aa2ad418ef26a7af4fee11c108ce41ef1d6449fa99
  rake (13.3.1) sha256=8c9e89d09f66a26a01264e7e3480ec0607f0c497a861ef16063604b1b08eb19c
  rdoc (6.17.0) sha256=0f50d4e568fc98195f9bb155a9e8dff6c7feabfb515fb22ef6df1d12ad5a02b7
  regexp_parser (2.11.3) sha256=ca13f381a173b7a93450e53459075c9b76a10433caadcb2f1180f2c741fc55a4
  reline (0.6.3) sha256=1198b04973565b36ec0f11542ab3f5cfeeec34823f4e54cebde90968092b1835
  rexml (3.4.4) sha256=19e0a2c3425dfbf2d4fc1189747bdb2f849b6c5e74180401b15734bc97b5d142
  sbom (0.2.0) sha256=862994c96473fb513e60e173eb9cfd5715bbd026ef498cd364003dcc21068d32
  simpleidn (0.2.3) sha256=08ce96f03fa1605286be22651ba0fc9c0b2d6272c9b27a260bc88be05b0d2c29
  stringio (3.2.0) sha256=c37cb2e58b4ffbd33fe5cd948c05934af997b36e0b6ca6fdf43afa234cf222e1
  tsort (0.2.0) sha256=9650a793f6859a43b6641671278f79cfead60ac714148aabe4e3f0060480089f
  typosquatting (0.4.0)
  webmock (3.26.1) sha256=4f696fb57c90a827c20aadb2d4f9058bbff10f7f043bd0d4c3f58791143b1cd7

BUNDLED WITH
  4.0.1
